
Microsoft Visual Studio Solution File, Format Version 12.00
# Visual Studio Version 17
VisualStudioVersion = 17.14.36518.9 d17.14
MinimumVisualStudioVersion = 10.0.40219.1
Project("{FAE04EC0-301F-11D3-BF4B-00C04F79EFBC}") = "LibraryManagerment", "LibraryManagerment.csproj", "{BE71FF7C-64EF-433F-8A2F-4BC3F9D32A36}"
EndProject
Global
	GlobalSection(SolutionConfigurationPlatforms) = preSolution
		Debug|Any CPU = Debug|Any CPU
		Release|Any CPU = Release|Any CPU
	EndGlobalSection
	GlobalSection(ProjectConfigurationPlatforms) = postSolution
		{BE71FF7C-64EF-433F-8A2F-4BC3F9D32A36}.Debug|Any CPU.ActiveCfg = Debug|Any CPU
		{BE71FF7C-64EF-433F-8A2F-4BC3F9D32A36}.Debug|Any CPU.Build.0 = Debug|Any CPU
		{BE71FF7C-64EF-433F-8A2F-4BC3F9D32A36}.Release|Any CPU.ActiveCfg = Release|Any CPU
		{BE71FF7C-64EF-433F-8A2F-4BC3F9D32A36}.Release|Any CPU.Build.0 = Release|Any CPU
	EndGlobalSection
	GlobalSection(SolutionProperties) = preSolution
		HideSolutionNode = FALSE
	EndGlobalSection
	GlobalSection(ExtensibilityGlobals) = postSolution
		SolutionGuid = {D0962704-8D97-4414-B22A-853E5BD6463B}
	EndGlobalSection
EndGlobal
